
Microsoft Visual Studio Solution File, Format Version 12.00
# Visual Studio Version 16
VisualStudioVersion = 16.0.33801.447
MinimumVisualStudioVersion = 10.0.40219.1
Project("{FAE04EC0-301F-11D3-BF4B-00C04F79EFBC}") = "Gurpinder-Windows", "Gurpinder-Windows.csproj", "{4E5FA383-239E-449F-AE5E-602AC6ABEA5E}"
EndProject
Global
	GlobalSection(SolutionConfigurationPlatforms) = preSolution
		Debug|Any CPU = Debug|Any CPU
		Release|Any CPU = Release|Any CPU
	EndGlobalSection
	GlobalSection(ProjectConfigurationPlatforms) = postSolution
		{4E5FA383-239E-449F-AE5E-602AC6ABEA5E}.Debug|Any CPU.ActiveCfg = Debug|Any CPU
		{4E5FA383-239E-449F-AE5E-602AC6ABEA5E}.Debug|Any CPU.Build.0 = Debug|Any CPU
		{4E5FA383-239E-449F-AE5E-602AC6ABEA5E}.Release|Any CPU.ActiveCfg = Release|Any CPU
		{4E5FA383-239E-449F-AE5E-602AC6ABEA5E}.Release|Any CPU.Build.0 = Release|Any CPU
	EndGlobalSection
	GlobalSection(SolutionProperties) = preSolution
		HideSolutionNode = FALSE
	EndGlobalSection
	GlobalSection(ExtensibilityGlobals) = postSolution
		SolutionGuid = {41E70F40-ECFD-472E-9543-28AF78AA7FB4}
	EndGlobalSection
EndGlobal
